
Microsoft Visual Studio Solution File, Format Version 12.00
# Visual Studio Version 17
VisualStudioVersion = 17.14.36429.23 d17.14
MinimumVisualStudioVersion = 10.0.40219.1
Project("{FAE04EC0-301F-11D3-BF4B-00C04F79EFBC}") = "學生成績輸入與平均計算", "學生成績輸入與平均計算\學生成績輸入與平均計算.csproj", "{60527D9F-6D1E-431E-A4EE-0F9C623A9388}"
EndProject
Global
	GlobalSection(SolutionConfigurationPlatforms) = preSolution
		Debug|Any CPU = Debug|Any CPU
		Release|Any CPU = Release|Any CPU
	EndGlobalSection
	GlobalSection(ProjectConfigurationPlatforms) = postSolution
		{60527D9F-6D1E-431E-A4EE-0F9C623A9388}.Debug|Any CPU.ActiveCfg = Debug|Any CPU
		{60527D9F-6D1E-431E-A4EE-0F9C623A9388}.Debug|Any CPU.Build.0 = Debug|Any CPU
		{60527D9F-6D1E-431E-A4EE-0F9C623A9388}.Release|Any CPU.ActiveCfg = Release|Any CPU
		{60527D9F-6D1E-431E-A4EE-0F9C623A9388}.Release|Any CPU.Build.0 = Release|Any CPU
	EndGlobalSection
	GlobalSection(SolutionProperties) = preSolution
		HideSolutionNode = FALSE
	EndGlobalSection
	GlobalSection(ExtensibilityGlobals) = postSolution
		SolutionGuid = {94008D47-E4B3-43AC-96D7-244F3EE55632}
	EndGlobalSection
EndGlobal
